
Microsoft Visual Studio Solution File, Format Version 12.00
# Visual Studio Version 17
VisualStudioVersion = 17.0.32112.339
MinimumVisualStudioVersion = 10.0.40219.1
Project("{9A19103F-16F7-4668-BE54-9A1E7A4F7556}") = "RecipeWinForm", "RecipeWinForm\RecipeWinForm.csproj", "{22F6C5E5-7FBF-44A6-B7C8-5773A94439F2}"
EndProject
Project("{9A19103F-16F7-4668-BE54-9A1E7A4F7556}") = "CPUFramework", "..\CPUFramework\CPUFramework.csproj", "{97D51227-CD2B-4EE9-9E5B-B965FA107B6A}"
EndProject
Project("{9A19103F-16F7-4668-BE54-9A1E7A4F7556}") = "RecipeBizObjects", "RecipeBizObjects\RecipeBizObjects.csproj", "{E7DED13F-EC20-456F-91D3-A29D64E6D21B}"
EndProject
Project("{9A19103F-16F7-4668-BE54-9A1E7A4F7556}") = "RecipeTest", "RecipeTest\RecipeTest.csproj", "{3A0F988B-D838-4FDD-81B1-FD9552A4FA6F}"
EndProject
Project("{FAE04EC0-301F-11D3-BF4B-00C04F79EFBC}") = "RecipeWeb", "RecipeWeb\RecipeWeb.csproj", "{16D04FBF-CDEF-4B43-ACA5-E9142DA57BFD}"
EndProject
Global
	GlobalSection(SolutionConfigurationPlatforms) = preSolution
		Debug|Any CPU = Debug|Any CPU
		Release|Any CPU = Release|Any CPU
	EndGlobalSection
	GlobalSection(ProjectConfigurationPlatforms) = postSolution
		{22F6C5E5-7FBF-44A6-B7C8-5773A94439F2}.Debug|Any CPU.ActiveCfg = Debug|Any CPU
		{22F6C5E5-7FBF-44A6-B7C8-5773A94439F2}.Debug|Any CPU.Build.0 = Debug|Any CPU
		{22F6C5E5-7FBF-44A6-B7C8-5773A94439F2}.Release|Any CPU.ActiveCfg = Release|Any CPU
		{22F6C5E5-7FBF-44A6-B7C8-5773A94439F2}.Release|Any CPU.Build.0 = Release|Any CPU
		{97D51227-CD2B-4EE9-9E5B-B965FA107B6A}.Debug|Any CPU.ActiveCfg = Debug|Any CPU
		{97D51227-CD2B-4EE9-9E5B-B965FA107B6A}.Debug|Any CPU.Build.0 = Debug|Any CPU
		{97D51227-CD2B-4EE9-9E5B-B965FA107B6A}.Release|Any CPU.ActiveCfg = Release|Any CPU
		{97D51227-CD2B-4EE9-9E5B-B965FA107B6A}.Release|Any CPU.Build.0 = Release|Any CPU
		{E7DED13F-EC20-456F-91D3-A29D64E6D21B}.Debug|Any CPU.ActiveCfg = Debug|Any CPU
		{E7DED13F-EC20-456F-91D3-A29D64E6D21B}.Debug|Any CPU.Build.0 = Debug|Any CPU
		{E7DED13F-EC20-456F-91D3-A29D64E6D21B}.Release|Any CPU.ActiveCfg = Release|Any CPU
		{E7DED13F-EC20-456F-91D3-A29D64E6D21B}.Release|Any CPU.Build.0 = Release|Any CPU
		{3A0F988B-D838-4FDD-81B1-FD9552A4FA6F}.Debug|Any CPU.ActiveCfg = Debug|Any CPU
		{3A0F988B-D838-4FDD-81B1-FD9552A4FA6F}.Debug|Any CPU.Build.0 = Debug|Any CPU
		{3A0F988B-D838-4FDD-81B1-FD9552A4FA6F}.Release|Any CPU.ActiveCfg = Release|Any CPU
		{3A0F988B-D838-4FDD-81B1-FD9552A4FA6F}.Release|Any CPU.Build.0 = Release|Any CPU
		{16D04FBF-CDEF-4B43-ACA5-E9142DA57BFD}.Debug|Any CPU.ActiveCfg = Debug|Any CPU
		{16D04FBF-CDEF-4B43-ACA5-E9142DA57BFD}.Debug|Any CPU.Build.0 = Debug|Any CPU
		{16D04FBF-CDEF-4B43-ACA5-E9142DA57BFD}.Release|Any CPU.ActiveCfg = Release|Any CPU
		{16D04FBF-CDEF-4B43-ACA5-E9142DA57BFD}.Release|Any CPU.Build.0 = Release|Any CPU
	EndGlobalSection
	GlobalSection(SolutionProperties) = preSolution
		HideSolutionNode = FALSE
	EndGlobalSection
	GlobalSection(ExtensibilityGlobals) = postSolution
		SolutionGuid = {D1D578F1-7B13-44BF-B8F9-2C4503BF650D}
	EndGlobalSection
EndGlobal
